// !$*UTF8*$!
{
	archiveVersion = 1;
	classes = {
	};
	objectVersion = 46;
	objects = {

/* Begin PBXBuildFile section */
		620320F513A2501C00C151CB /* UIKit.framework in Frameworks */ = {isa = PBXBuildFile; fileRef = 620320F413A2501C00C151CB /* UIKit.framework */; };
		620320F713A2501C00C151CB /* Foundation.framework in Frameworks */ = {isa = PBXBuildFile; fileRef = 620320F613A2501C00C151CB /* Foundation.framework */; };
		620320F913A2501C00C151CB /* CoreGraphics.framework in Frameworks */ = {isa = PBXBuildFile; fileRef = 620320F813A2501C00C151CB /* CoreGraphics.framework */; };
		620320FF13A2501C00C151CB /* InfoPlist.strings in Resources */ = {isa = PBXBuildFile; fileRef = 620320FD13A2501C00C151CB /* InfoPlist.strings */; };
		6203210213A2501C00C151CB /* main.m in Sources */ = {isa = PBXBuildFile; fileRef = 6203210113A2501C00C151CB /* main.m */; };
		6203210513A2501C00C151CB /* PruebaSearchBarAppDelegate.m in Sources */ = {isa = PBXBuildFile; fileRef = 6203210413A2501C00C151CB /* PruebaSearchBarAppDelegate.m */; };
		6203210813A2501C00C151CB /* MainWindow.xib in Resources */ = {isa = PBXBuildFile; fileRef = 6203210613A2501C00C151CB /* MainWindow.xib */; };
		6203210B13A2501C00C151CB /* PruebaSearchBarViewController.m in Sources */ = {isa = PBXBuildFile; fileRef = 6203210A13A2501C00C151CB /* PruebaSearchBarViewController.m */; };
		6203210E13A2501C00C151CB /* PruebaSearchBarViewController.xib in Resources */ = {isa = PBXBuildFile; fileRef = 6203210C13A2501C00C151CB /* PruebaSearchBarViewController.xib */; };
		62F266FD13A42600004C7E69 /* SearchDisplayAssist.m in Sources */ = {isa = PBXBuildFile; fileRef = 62F266FC13A42600004C7E69 /* SearchDisplayAssist.m */; };
/* End PBXBuildFile section */

/* Begin PBXFileReference section */
		620320F013A2501C00C151CB /* PruebaSearchBar.app */ = {isa = PBXFileReference; explicitFileType = wrapper.application; includeInIndex = 0; path = PruebaSearchBar.app; sourceTree = BUILT_PRODUCTS_DIR; };
		620320F413A2501C00C151CB /* UIKit.framework */ = {isa = PBXFileReference; lastKnownFileType = wrapper.framework; name = UIKit.framework; path = System/Library/Frameworks/UIKit.framework; sourceTree = SDKROOT; };
		620320F613A2501C00C151CB /* Foundation.framework */ = {isa = PBXFileReference; lastKnownFileType = wrapper.framework; name = Foundation.framework; path = System/Library/Frameworks/Foundation.framework; sourceTree = SDKROOT; };
		620320F813A2501C00C151CB /* CoreGraphics.framework */ = {isa = PBXFileReference; lastKnownFileType = wrapper.framework; name = CoreGraphics.framework; path = System/Library/Frameworks/CoreGraphics.framework; sourceTree = SDKROOT; };
		620320FC13A2501C00C151CB /* PruebaSearchBar-Info.plist */ = {isa = PBXFileReference; lastKnownFileType = text.plist.xml; path = "PruebaSearchBar-Info.plist"; sourceTree = "<group>"; };
		620320FE13A2501C00C151CB /* en */ = {isa = PBXFileReference; lastKnownFileType = text.plist.strings; name = en; path = en.lproj/InfoPlist.strings; sourceTree = "<group>"; };
		6203210013A2501C00C151CB /* PruebaSearchBar-Prefix.pch */ = {isa = PBXFileReference; lastKnownFileType = sourcecode.c.h; path = "PruebaSearchBar-Prefix.pch"; sourceTree = "<group>"; };
		6203210113A2501C00C151CB /* main.m */ = {isa = PBXFileReference; lastKnownFileType = sourcecode.c.objc; path = main.m; sourceTree = "<group>"; };
		6203210313A2501C00C151CB /* PruebaSearchBarAppDelegate.h */ = {isa = PBXFileReference; lastKnownFileType = sourcecode.c.h; path = PruebaSearchBarAppDelegate.h; sourceTree = "<group>"; };
		6203210413A2501C00C151CB /* PruebaSearchBarAppDelegate.m */ = {isa = PBXFileReference; lastKnownFileType = sourcecode.c.objc; path = PruebaSearchBarAppDelegate.m; sourceTree = "<group>"; };
		6203210713A2501C00C151CB /* en */ = {isa = PBXFileReference; lastKnownFileType = file.xib; name = en; path = en.lproj/MainWindow.xib; sourceTree = "<group>"; };
		6203210913A2501C00C151CB /* PruebaSearchBarViewController.h */ = {isa = PBXFileReference; lastKnownFileType = sourcecode.c.h; path = PruebaSearchBarViewController.h; sourceTree = "<group>"; };
		6203210A13A2501C00C151CB /* PruebaSearchBarViewController.m */ = {isa = PBXFileReference; lastKnownFileType = sourcecode.c.objc; path = PruebaSearchBarViewController.m; sourceTree = "<group>"; };
		6203210D13A2501C00C151CB /* en */ = {isa = PBXFileReference; lastKnownFileType = file.xib; name = en; path = en.lproj/PruebaSearchBarViewController.xib; sourceTree = "<group>"; };
		62F266FB13A42600004C7E69 /* SearchDisplayAssist.h */ = {isa = PBXFileReference; fileEncoding = 4; lastKnownFileType = sourcecode.c.h; path = SearchDisplayAssist.h; sourceTree = "<group>"; };
		62F266FC13A42600004C7E69 /* SearchDisplayAssist.m */ = {isa = PBXFileReference; fileEncoding = 4; lastKnownFileType = sourcecode.c.objc; path = SearchDisplayAssist.m; sourceTree = "<group>"; };
/* End PBXFileReference section */

/* Begin PBXFrameworksBuildPhase section */
		620320ED13A2501C00C151CB /* Frameworks */ = {
			isa = PBXFrameworksBuildPhase;
			buildActionMask = 2147483647;
			files = (
				620320F513A2501C00C151CB /* UIKit.framework in Frameworks */,
				620320F713A2501C00C151CB /* Foundation.framework in Frameworks */,
				620320F913A2501C00C151CB /* CoreGraphics.framework in Frameworks */,
			);
			runOnlyForDeploymentPostprocessing = 0;
		};
/* End PBXFrameworksBuildPhase section */

/* Begin PBXGroup section */
		620320E513A2501C00C151CB = {
			isa = PBXGroup;
			children = (
				620320FA13A2501C00C151CB /* PruebaSearchBar */,
				620320F313A2501C00C151CB /* Frameworks */,
				620320F113A2501C00C151CB /* Products */,
			);
			sourceTree = "<group>";
		};
		620320F113A2501C00C151CB /* Products */ = {
			isa = PBXGroup;
			children = (
				620320F013A2501C00C151CB /* PruebaSearchBar.app */,
			);
			name = Products;
			sourceTree = "<group>";
		};
		620320F313A2501C00C151CB /* Frameworks */ = {
			isa = PBXGroup;
			children = (
				620320F413A2501C00C151CB /* UIKit.framework */,
				620320F613A2501C00C151CB /* Foundation.framework */,
				620320F813A2501C00C151CB /* CoreGraphics.framework */,
			);
			name = Frameworks;
			sourceTree = "<group>";
		};
		620320FA13A2501C00C151CB /* PruebaSearchBar */ = {
			isa = PBXGroup;
			children = (
				6203210313A2501C00C151CB /* PruebaSearchBarAppDelegate.h */,
				6203210413A2501C00C151CB /* PruebaSearchBarAppDelegate.m */,
				6203210613A2501C00C151CB /* MainWindow.xib */,
				6203210913A2501C00C151CB /* PruebaSearchBarViewController.h */,
				6203210A13A2501C00C151CB /* PruebaSearchBarViewController.m */,
				6203210C13A2501C00C151CB /* PruebaSearchBarViewController.xib */,
				620320FB13A2501C00C151CB /* Supporting Files */,
				62F266FB13A42600004C7E69 /* SearchDisplayAssist.h */,
				62F266FC13A42600004C7E69 /* SearchDisplayAssist.m */,
			);
			path = PruebaSearchBar;
			sourceTree = "<group>";
		};
		620320FB13A2501C00C151CB /* Supporting Files */ = {
			isa = PBXGroup;
			children = (
				620320FC13A2501C00C151CB /* PruebaSearchBar-Info.plist */,
				620320FD13A2501C00C151CB /* InfoPlist.strings */,
				6203210013A2501C00C151CB /* PruebaSearchBar-Prefix.pch */,
				6203210113A2501C00C151CB /* main.m */,
			);
			name = "Supporting Files";
			sourceTree = "<group>";
		};
/* End PBXGroup section */

/* Begin PBXNativeTarget section */
		620320EF13A2501C00C151CB /* PruebaSearchBar */ = {
			isa = PBXNativeTarget;
			buildConfigurationList = 6203211113A2501D00C151CB /* Build configuration list for PBXNativeTarget "PruebaSearchBar" */;
			buildPhases = (
				620320EC13A2501C00C151CB /* Sources */,
				620320ED13A2501C00C151CB /* Frameworks */,
				620320EE13A2501C00C151CB /* Resources */,
			);
			buildRules = (
			);
			dependencies = (
			);
			name = PruebaSearchBar;
			productName = PruebaSearchBar;
			productReference = 620320F013A2501C00C151CB /* PruebaSearchBar.app */;
			productType = "com.apple.product-type.application";
		};
/* End PBXNativeTarget section */

/* Begin PBXProject section */
		620320E713A2501C00C151CB /* Project object */ = {
			isa = PBXProject;
			buildConfigurationList = 620320EA13A2501C00C151CB /* Build configuration list for PBXProject "PruebaSearchBar" */;
			compatibilityVersion = "Xcode 3.2";
			developmentRegion = English;
			hasScannedForEncodings = 0;
			knownRegions = (
				en,
			);
			mainGroup = 620320E513A2501C00C151CB;
			productRefGroup = 620320F113A2501C00C151CB /* Products */;
			projectDirPath = "";
			projectRoot = "";
			targets = (
				620320EF13A2501C00C151CB /* PruebaSearchBar */,
			);
		};
/* End PBXProject section */

/* Begin PBXResourcesBuildPhase section */
		620320EE13A2501C00C151CB /* Resources */ = {
			isa = PBXResourcesBuildPhase;
			buildActionMask = 2147483647;
			files = (
				620320FF13A2501C00C151CB /* InfoPlist.strings in Resources */,
				6203210813A2501C00C151CB /* MainWindow.xib in Resources */,
				6203210E13A2501C00C151CB /* PruebaSearchBarViewController.xib in Resources */,
			);
			runOnlyForDeploymentPostprocessing = 0;
		};
/* End PBXResourcesBuildPhase section */

/* Begin PBXSourcesBuildPhase section */
		620320EC13A2501C00C151CB /* Sources */ = {
			isa = PBXSourcesBuildPhase;
			buildActionMask = 2147483647;
			files = (
				6203210213A2501C00C151CB /* main.m in Sources */,
				6203210513A2501C00C151CB /* PruebaSearchBarAppDelegate.m in Sources */,
				6203210B13A2501C00C151CB /* PruebaSearchBarViewController.m in Sources */,
				62F266FD13A42600004C7E69 /* SearchDisplayAssist.m in Sources */,
			);
			runOnlyForDeploymentPostprocessing = 0;
		};
/* End PBXSourcesBuildPhase section */

/* Begin PBXVariantGroup section */
		620320FD13A2501C00C151CB /* InfoPlist.strings */ = {
			isa = PBXVariantGroup;
			children = (
				620320FE13A2501C00C151CB /* en */,
			);
			name = InfoPlist.strings;
			sourceTree = "<group>";
		};
		6203210613A2501C00C151CB /* MainWindow.xib */ = {
			isa = PBXVariantGroup;
			children = (
				6203210713A2501C00C151CB /* en */,
			);
			name = MainWindow.xib;
			sourceTree = "<group>";
		};
		6203210C13A2501C00C151CB /* PruebaSearchBarViewController.xib */ = {
			isa = PBXVariantGroup;
			children = (
				6203210D13A2501C00C151CB /* en */,
			);
			name = PruebaSearchBarViewController.xib;
			sourceTree = "<group>";
		};
/* End PBXVariantGroup section */

/* Begin XCBuildConfiguration section */
		6203210F13A2501D00C151CB /* Debug */ = {
			isa = XCBuildConfiguration;
			buildSettings = {
				ARCHS = "$(ARCHS_STANDARD_32_BIT)";
				"CODE_SIGN_IDENTITY[sdk=iphoneos*]" = "iPhone Developer";
				GCC_C_LANGUAGE_STANDARD = gnu99;
				GCC_OPTIMIZATION_LEVEL = 0;
				GCC_PREPROCESSOR_DEFINITIONS = DEBUG;
				GCC_SYMBOLS_PRIVATE_EXTERN = NO;
				GCC_VERSION = com.apple.compilers.llvmgcc42;
				GCC_WARN_ABOUT_RETURN_TYPE = YES;
				GCC_WARN_UNUSED_VARIABLE = YES;
				IPHONEOS_DEPLOYMENT_TARGET = 4.3;
				SDKROOT = iphoneos;
			};
			name = Debug;
		};
		6203211013A2501D00C151CB /* Release */ = {
			isa = XCBuildConfiguration;
			buildSettings = {
				ARCHS = "$(ARCHS_STANDARD_32_BIT)";
				"CODE_SIGN_IDENTITY[sdk=iphoneos*]" = "iPhone Developer";
				GCC_C_LANGUAGE_STANDARD = gnu99;
				GCC_VERSION = com.apple.compilers.llvmgcc42;
				GCC_WARN_ABOUT_RETURN_TYPE = YES;
				GCC_WARN_UNUSED_VARIABLE = YES;
				IPHONEOS_DEPLOYMENT_TARGET = 4.3;
				OTHER_CFLAGS = "-DNS_BLOCK_ASSERTIONS=1";
				SDKROOT = iphoneos;
			};
			name = Release;
		};
		6203211213A2501D00C151CB /* Debug */ = {
			isa = XCBuildConfiguration;
			buildSettings = {
				ALWAYS_SEARCH_USER_PATHS = NO;
				COPY_PHASE_STRIP = NO;
				GCC_DYNAMIC_NO_PIC = NO;
				GCC_PRECOMPILE_PREFIX_HEADER = YES;
				GCC_PREFIX_HEADER = "PruebaSearchBar/PruebaSearchBar-Prefix.pch";
				INFOPLIST_FILE = "PruebaSearchBar/PruebaSearchBar-Info.plist";
				PRODUCT_NAME = "$(TARGET_NAME)";
				WRAPPER_EXTENSION = app;
			};
			name = Debug;
		};
		6203211313A2501D00C151CB /* Release */ = {
			isa = XCBuildConfiguration;
			buildSettings = {
				ALWAYS_SEARCH_USER_PATHS = NO;
				COPY_PHASE_STRIP = YES;
				GCC_PRECOMPILE_PREFIX_HEADER = YES;
				GCC_PREFIX_HEADER = "PruebaSearchBar/PruebaSearchBar-Prefix.pch";
				INFOPLIST_FILE = "PruebaSearchBar/PruebaSearchBar-Info.plist";
				PRODUCT_NAME = "$(TARGET_NAME)";
				VALIDATE_PRODUCT = YES;
				WRAPPER_EXTENSION = app;
			};
			name = Release;
		};
/* End XCBuildConfiguration section */

/* Begin XCConfigurationList section */
		620320EA13A2501C00C151CB /* Build configuration list for PBXProject "PruebaSearchBar" */ = {
			isa = XCConfigurationList;
			buildConfigurations = (
				6203210F13A2501D00C151CB /* Debug */,
				6203211013A2501D00C151CB /* Release */,
			);
			defaultConfigurationIsVisible = 0;
			defaultConfigurationName = Release;
		};
		6203211113A2501D00C151CB /* Build configuration list for PBXNativeTarget "PruebaSearchBar" */ = {
			isa = XCConfigurationList;
			buildConfigurations = (
				6203211213A2501D00C151CB /* Debug */,
				6203211313A2501D00C151CB /* Release */,
			);
			defaultConfigurationIsVisible = 0;
			defaultConfigurationName = Release;
		};
/* End XCConfigurationList section */
	};
	rootObject = 620320E713A2501C00C151CB /* Project object */;
}
